
Microsoft Visual Studio Solution File, Format Version 12.00
# Visual Studio 15
VisualStudioVersion = 15.0.28307.779
MinimumVisualStudioVersion = 10.0.40219.1
Project("{8BC9CEB8-8B4A-11D0-8D11-00A0C91BC942}") = "35_搜索插入位置", "35_搜索插入位置\35_搜索插入位置.vcxproj", "{681B53AA-F77E-4B2D-9AB1-BA9B865E8770}"
EndProject
Global
	GlobalSection(SolutionConfigurationPlatforms) = preSolution
		Debug|x64 = Debug|x64
		Debug|x86 = Debug|x86
		Release|x64 = Release|x64
		Release|x86 = Release|x86
	EndGlobalSection
	GlobalSection(ProjectConfigurationPlatforms) = postSolution
		{681B53AA-F77E-4B2D-9AB1-BA9B865E8770}.Debug|x64.ActiveCfg = Debug|x64
		{681B53AA-F77E-4B2D-9AB1-BA9B865E8770}.Debug|x64.Build.0 = Debug|x64
		{681B53AA-F77E-4B2D-9AB1-BA9B865E8770}.Debug|x86.ActiveCfg = Debug|Win32
		{681B53AA-F77E-4B2D-9AB1-BA9B865E8770}.Debug|x86.Build.0 = Debug|Win32
		{681B53AA-F77E-4B2D-9AB1-BA9B865E8770}.Release|x64.ActiveCfg = Release|x64
		{681B53AA-F77E-4B2D-9AB1-BA9B865E8770}.Release|x64.Build.0 = Release|x64
		{681B53AA-F77E-4B2D-9AB1-BA9B865E8770}.Release|x86.ActiveCfg = Release|Win32
		{681B53AA-F77E-4B2D-9AB1-BA9B865E8770}.Release|x86.Build.0 = Release|Win32
	EndGlobalSection
	GlobalSection(SolutionProperties) = preSolution
		HideSolutionNode = FALSE
	EndGlobalSection
	GlobalSection(ExtensibilityGlobals) = postSolution
		SolutionGuid = {561B5BFD-C760-42EB-8217-89125F440690}
	EndGlobalSection
EndGlobal
