
Microsoft Visual Studio Solution File, Format Version 12.00
# Visual Studio 15
VisualStudioVersion = 15.0.28307.168
MinimumVisualStudioVersion = 10.0.40219.1
Project("{8BC9CEB8-8B4A-11D0-8D11-00A0C91BC942}") = "第八周，乘积小于 k 的连续的子数", "第八周，乘积小于 k 的连续的子数\第八周，乘积小于 k 的连续的子数.vcxproj", "{DAD99FBC-6C4A-4A70-A488-2EB9F9D357AF}"
EndProject
Global
	GlobalSection(SolutionConfigurationPlatforms) = preSolution
		Debug|x64 = Debug|x64
		Debug|x86 = Debug|x86
		Release|x64 = Release|x64
		Release|x86 = Release|x86
	EndGlobalSection
	GlobalSection(ProjectConfigurationPlatforms) = postSolution
		{DAD99FBC-6C4A-4A70-A488-2EB9F9D357AF}.Debug|x64.ActiveCfg = Debug|x64
		{DAD99FBC-6C4A-4A70-A488-2EB9F9D357AF}.Debug|x64.Build.0 = Debug|x64
		{DAD99FBC-6C4A-4A70-A488-2EB9F9D357AF}.Debug|x86.ActiveCfg = Debug|Win32
		{DAD99FBC-6C4A-4A70-A488-2EB9F9D357AF}.Debug|x86.Build.0 = Debug|Win32
		{DAD99FBC-6C4A-4A70-A488-2EB9F9D357AF}.Release|x64.ActiveCfg = Release|x64
		{DAD99FBC-6C4A-4A70-A488-2EB9F9D357AF}.Release|x64.Build.0 = Release|x64
		{DAD99FBC-6C4A-4A70-A488-2EB9F9D357AF}.Release|x86.ActiveCfg = Release|Win32
		{DAD99FBC-6C4A-4A70-A488-2EB9F9D357AF}.Release|x86.Build.0 = Release|Win32
	EndGlobalSection
	GlobalSection(SolutionProperties) = preSolution
		HideSolutionNode = FALSE
	EndGlobalSection
	GlobalSection(ExtensibilityGlobals) = postSolution
		SolutionGuid = {52292F5A-D0BB-4250-8E44-DD54CCDE8072}
	EndGlobalSection
EndGlobal
